{
    "_readme": [
        "This file locks the dependencies of your project to a known state",
        "Read more about it at https://getcomposer.org/doc/01-basic-usage.md#installing-dependencies",
        "This file is @generated automatically"
    ],
    "content-hash": "5bc03c6cfd8fc77a62066c4e94db9c7f",
    "packages": [
        {
            "name": "dealt/dealt-sdk",
            "version": "v0.0.2",
            "source": {
                "type": "git",
                "url": "https://github.com/Mon-Super-Voisin/dealt-php-sdk.git",
                "reference": "c44defe63c0a7ca07779df010d1715eabb21e3c8"
            },
            "dist": {
                "type": "zip",
                "url": "https://api.github.com/repos/Mon-Super-Voisin/dealt-php-sdk/zipball/c44defe63c0a7ca07779df010d1715eabb21e3c8",
                "reference": "c44defe63c0a7ca07779df010d1715eabb21e3c8",
                "shasum": ""
            },
            "require": {
                "php": ">=7.1 || ^8.0"
            },
            "require-dev": {
                "friendsofphp/php-cs-fixer": "^3.2.1",
                "phpstan/phpstan": "^1.1.1",
                "phpunit/phpunit": "*"
            },
            "type": "library",
            "autoload": {
                "psr-4": {
                    "Dealt\\DealtSDK\\": "src/"
                }
            },
            "notification-url": "https://packagist.org/downloads/",
            "license": [
                "MIT"
            ],
            "authors": [
                {
                    "name": "Edvin CANDON",
                    "email": "edvin@lostsolution.io"
                }
            ],
            "description": "Dealt API SDK",
            "keywords": [
                "api",
                "dealt",
                "sdk"
            ],
            "support": {
                "issues": "https://github.com/Mon-Super-Voisin/dealt-php-sdk/issues",
                "source": "https://github.com/Mon-Super-Voisin/dealt-php-sdk/tree/v0.0.2"
            },
            "time": "2022-03-24T08:54:16+00:00"
        }
    ],
    "packages-dev": [],
    "aliases": [],
    "minimum-stability": "stable",
    "stability-flags": [],
    "prefer-stable": false,
    "prefer-lowest": false,
    "platform": {
        "php": ">=7.1.0"
    },
    "platform-dev": [],
    "plugin-api-version": "2.2.0"
}
